
Microsoft Visual Studio Solution File, Format Version 12.00
# Visual Studio 14
VisualStudioVersion = 14.0.23107.0
MinimumVisualStudioVersion = 10.0.40219.1
Project("{FAE04EC0-301F-11D3-BF4B-00C04F79EFBC}") = "PeopleTracker.NetService", "src\PeopleTracker.NetService\PeopleTracker.NetService.csproj", "{164E69BA-6962-4373-B346-79FC7147E28A}"
EndProject
Project("{FAE04EC0-301F-11D3-BF4B-00C04F79EFBC}") = "PeopleTracker.NetService.Tests", "src\PeopleTracker.NetService.Tests\PeopleTracker.NetService.Tests.csproj", "{33A7146A-066B-4397-94AC-B45871181892}"
EndProject
Project("{FAE04EC0-301F-11D3-BF4B-00C04F79EFBC}") = "PeopleTracker.DAL", "src\PeopleTracker.DAL\PeopleTracker.DAL.csproj", "{8AF82867-BBE7-49A7-BCD9-1A8D514AF011}"
EndProject
Project("{00D1A9C2-B5F0-4AF3-8072-F6C62B433612}") = "PeopleTracker.Database", "src\PeopleTracker.Database\PeopleTracker.Database.sqlproj", "{BCEB2F1D-201C-4891-98A1-74DEBB65627E}"
EndProject
Project("{FAE04EC0-301F-11D3-BF4B-00C04F79EFBC}") = "PeopleTracker.UITests", "src\PeopleTracker.UITests\PeopleTracker.UITests.csproj", "{F3F07ECE-BA97-4A11-BEEE-9E1E7682671F}"
EndProject
Global
	GlobalSection(SolutionConfigurationPlatforms) = preSolution
		Debug|Any CPU = Debug|Any CPU
		Release|Any CPU = Release|Any CPU
	EndGlobalSection
	GlobalSection(ProjectConfigurationPlatforms) = postSolution
		{164E69BA-6962-4373-B346-79FC7147E28A}.Debug|Any CPU.ActiveCfg = Debug|Any CPU
		{164E69BA-6962-4373-B346-79FC7147E28A}.Debug|Any CPU.Build.0 = Debug|Any CPU
		{164E69BA-6962-4373-B346-79FC7147E28A}.Release|Any CPU.ActiveCfg = Release|Any CPU
		{164E69BA-6962-4373-B346-79FC7147E28A}.Release|Any CPU.Build.0 = Release|Any CPU
		{33A7146A-066B-4397-94AC-B45871181892}.Debug|Any CPU.ActiveCfg = Debug|Any CPU
		{33A7146A-066B-4397-94AC-B45871181892}.Debug|Any CPU.Build.0 = Debug|Any CPU
		{33A7146A-066B-4397-94AC-B45871181892}.Release|Any CPU.ActiveCfg = Release|Any CPU
		{33A7146A-066B-4397-94AC-B45871181892}.Release|Any CPU.Build.0 = Release|Any CPU
		{8AF82867-BBE7-49A7-BCD9-1A8D514AF011}.Debug|Any CPU.ActiveCfg = Debug|Any CPU
		{8AF82867-BBE7-49A7-BCD9-1A8D514AF011}.Debug|Any CPU.Build.0 = Debug|Any CPU
		{8AF82867-BBE7-49A7-BCD9-1A8D514AF011}.Release|Any CPU.ActiveCfg = Release|Any CPU
		{8AF82867-BBE7-49A7-BCD9-1A8D514AF011}.Release|Any CPU.Build.0 = Release|Any CPU
		{BCEB2F1D-201C-4891-98A1-74DEBB65627E}.Debug|Any CPU.ActiveCfg = Debug|Any CPU
		{BCEB2F1D-201C-4891-98A1-74DEBB65627E}.Debug|Any CPU.Build.0 = Debug|Any CPU
		{BCEB2F1D-201C-4891-98A1-74DEBB65627E}.Debug|Any CPU.Deploy.0 = Debug|Any CPU
		{BCEB2F1D-201C-4891-98A1-74DEBB65627E}.Release|Any CPU.ActiveCfg = Release|Any CPU
		{BCEB2F1D-201C-4891-98A1-74DEBB65627E}.Release|Any CPU.Build.0 = Release|Any CPU
		{BCEB2F1D-201C-4891-98A1-74DEBB65627E}.Release|Any CPU.Deploy.0 = Release|Any CPU
		{F3F07ECE-BA97-4A11-BEEE-9E1E7682671F}.Debug|Any CPU.ActiveCfg = Debug|Any CPU
		{F3F07ECE-BA97-4A11-BEEE-9E1E7682671F}.Debug|Any CPU.Build.0 = Debug|Any CPU
		{F3F07ECE-BA97-4A11-BEEE-9E1E7682671F}.Release|Any CPU.ActiveCfg = Release|Any CPU
		{F3F07ECE-BA97-4A11-BEEE-9E1E7682671F}.Release|Any CPU.Build.0 = Release|Any CPU
	EndGlobalSection
	GlobalSection(SolutionProperties) = preSolution
		HideSolutionNode = FALSE
	EndGlobalSection
EndGlobal
